
Microsoft Visual Studio Solution File, Format Version 12.00
# Visual Studio Version 16
VisualStudioVersion = 16.0.31605.320
MinimumVisualStudioVersion = 10.0.40219.1
Project("{9A19103F-16F7-4668-BE54-9A1E7A4F7556}") = "HealthCheckService", "HealthCheckService\HealthCheckService.csproj", "{4D9A275C-362F-476E-8F50-AFDD8C816CF5}"
EndProject
Project("{E53339B2-1760-4266-BCC7-CA923CBCF16C}") = "docker-compose", "docker-compose.dcproj", "{83374EA1-2AF6-4B13-8FE0-4B4F8151F8C4}"
EndProject
Project("{FAE04EC0-301F-11D3-BF4B-00C04F79EFBC}") = "ProfileService", "ProfileService\ProfileService.csproj", "{02202073-5E11-464F-8A95-9501AF7969A9}"
EndProject
Global
	GlobalSection(SolutionConfigurationPlatforms) = preSolution
		Debug|Any CPU = Debug|Any CPU
		Release|Any CPU = Release|Any CPU
	EndGlobalSection
	GlobalSection(ProjectConfigurationPlatforms) = postSolution
		{4D9A275C-362F-476E-8F50-AFDD8C816CF5}.Debug|Any CPU.ActiveCfg = Debug|Any CPU
		{4D9A275C-362F-476E-8F50-AFDD8C816CF5}.Debug|Any CPU.Build.0 = Debug|Any CPU
		{4D9A275C-362F-476E-8F50-AFDD8C816CF5}.Release|Any CPU.ActiveCfg = Release|Any CPU
		{4D9A275C-362F-476E-8F50-AFDD8C816CF5}.Release|Any CPU.Build.0 = Release|Any CPU
		{83374EA1-2AF6-4B13-8FE0-4B4F8151F8C4}.Debug|Any CPU.ActiveCfg = Debug|Any CPU
		{83374EA1-2AF6-4B13-8FE0-4B4F8151F8C4}.Debug|Any CPU.Build.0 = Debug|Any CPU
		{83374EA1-2AF6-4B13-8FE0-4B4F8151F8C4}.Release|Any CPU.ActiveCfg = Release|Any CPU
		{83374EA1-2AF6-4B13-8FE0-4B4F8151F8C4}.Release|Any CPU.Build.0 = Release|Any CPU
		{02202073-5E11-464F-8A95-9501AF7969A9}.Debug|Any CPU.ActiveCfg = Debug|Any CPU
		{02202073-5E11-464F-8A95-9501AF7969A9}.Debug|Any CPU.Build.0 = Debug|Any CPU
		{02202073-5E11-464F-8A95-9501AF7969A9}.Release|Any CPU.ActiveCfg = Release|Any CPU
		{02202073-5E11-464F-8A95-9501AF7969A9}.Release|Any CPU.Build.0 = Release|Any CPU
	EndGlobalSection
	GlobalSection(SolutionProperties) = preSolution
		HideSolutionNode = FALSE
	EndGlobalSection
	GlobalSection(ExtensibilityGlobals) = postSolution
		SolutionGuid = {0AA9FB98-8D38-4D2F-A346-D6CB56000D0C}
	EndGlobalSection
EndGlobal
